
Microsoft Visual Studio Solution File, Format Version 12.00
# Visual Studio Version 17
VisualStudioVersion = 17.7.34202.233
MinimumVisualStudioVersion = 10.0.40219.1
Project("{FAE04EC0-301F-11D3-BF4B-00C04F79EFBC}") = "JsonToText", "JsonToText.csproj", "{A9DDAC1A-4895-465B-BA44-EBA01D3C15BE}"
EndProject
Global
	GlobalSection(SolutionConfigurationPlatforms) = preSolution
		Debug|Any CPU = Debug|Any CPU
		Release|Any CPU = Release|Any CPU
	EndGlobalSection
	GlobalSection(ProjectConfigurationPlatforms) = postSolution
		{A9DDAC1A-4895-465B-BA44-EBA01D3C15BE}.Debug|Any CPU.ActiveCfg = Debug|Any CPU
		{A9DDAC1A-4895-465B-BA44-EBA01D3C15BE}.Debug|Any CPU.Build.0 = Debug|Any CPU
		{A9DDAC1A-4895-465B-BA44-EBA01D3C15BE}.Release|Any CPU.ActiveCfg = Release|Any CPU
		{A9DDAC1A-4895-465B-BA44-EBA01D3C15BE}.Release|Any CPU.Build.0 = Release|Any CPU
	EndGlobalSection
	GlobalSection(SolutionProperties) = preSolution
		HideSolutionNode = FALSE
	EndGlobalSection
	GlobalSection(ExtensibilityGlobals) = postSolution
		SolutionGuid = {6913CA32-990D-451A-8BA4-410D6B779181}
	EndGlobalSection
EndGlobal
